
Microsoft Visual Studio Solution File, Format Version 12.00
# Visual Studio Version 17
VisualStudioVersion = 17.10.35013.160
MinimumVisualStudioVersion = 10.0.40219.1
Project("{FAE04EC0-301F-11D3-BF4B-00C04F79EFBC}") = "IgHistoryImport", "IgHistoryImport\IgHistoryImport.csproj", "{457EC0AA-E715-4B24-BBD6-492202B6E009}"
EndProject
Project("{FAE04EC0-301F-11D3-BF4B-00C04F79EFBC}") = "Ig.Api.Client", "Ig.Api.Client\Ig.Api.Client.csproj", "{23ED4749-F9DE-4F09-AE9B-48CB649ABA2C}"
EndProject
Global
	GlobalSection(SolutionConfigurationPlatforms) = preSolution
		Debug|Any CPU = Debug|Any CPU
		Release|Any CPU = Release|Any CPU
	EndGlobalSection
	GlobalSection(ProjectConfigurationPlatforms) = postSolution
		{457EC0AA-E715-4B24-BBD6-492202B6E009}.Debug|Any CPU.ActiveCfg = Debug|Any CPU
		{457EC0AA-E715-4B24-BBD6-492202B6E009}.Debug|Any CPU.Build.0 = Debug|Any CPU
		{457EC0AA-E715-4B24-BBD6-492202B6E009}.Release|Any CPU.ActiveCfg = Release|Any CPU
		{457EC0AA-E715-4B24-BBD6-492202B6E009}.Release|Any CPU.Build.0 = Release|Any CPU
		{23ED4749-F9DE-4F09-AE9B-48CB649ABA2C}.Debug|Any CPU.ActiveCfg = Debug|Any CPU
		{23ED4749-F9DE-4F09-AE9B-48CB649ABA2C}.Debug|Any CPU.Build.0 = Debug|Any CPU
		{23ED4749-F9DE-4F09-AE9B-48CB649ABA2C}.Release|Any CPU.ActiveCfg = Release|Any CPU
		{23ED4749-F9DE-4F09-AE9B-48CB649ABA2C}.Release|Any CPU.Build.0 = Release|Any CPU
	EndGlobalSection
	GlobalSection(SolutionProperties) = preSolution
		HideSolutionNode = FALSE
	EndGlobalSection
	GlobalSection(ExtensibilityGlobals) = postSolution
		SolutionGuid = {30C2B5A0-048C-4E9F-8439-C234AAA8041A}
	EndGlobalSection
EndGlobal
